
Microsoft Visual Studio Solution File, Format Version 12.00
# Visual Studio 15
VisualStudioVersion = 15.0.28010.2003
MinimumVisualStudioVersion = 10.0.40219.1
Project("{E24C65DC-7377-472B-9ABA-BC803B73C61A}") = "ProectAssignment", "ProectAssignment", "{5BB6B853-0522-4C11-8908-34D564C6DDE6}"
	ProjectSection(WebsiteProperties) = preProject
		TargetFrameworkMoniker = ".NETFramework,Version%3Dv4.6.1"
		Debug.AspNetCompiler.VirtualPath = "/localhost_50621"
		Debug.AspNetCompiler.PhysicalPath = "ProectAssignment\"
		Debug.AspNetCompiler.TargetPath = "PrecompiledWeb\localhost_50621\"
		Debug.AspNetCompiler.Updateable = "true"
		Debug.AspNetCompiler.ForceOverwrite = "true"
		Debug.AspNetCompiler.FixedNames = "false"
		Debug.AspNetCompiler.Debug = "True"
		Release.AspNetCompiler.VirtualPath = "/localhost_50621"
		Release.AspNetCompiler.PhysicalPath = "ProectAssignment\"
		Release.AspNetCompiler.TargetPath = "PrecompiledWeb\localhost_50621\"
		Release.AspNetCompiler.Updateable = "true"
		Release.AspNetCompiler.ForceOverwrite = "true"
		Release.AspNetCompiler.FixedNames = "false"
		Release.AspNetCompiler.Debug = "False"
		VWDPort = "50621"
		SlnRelativePath = "ProectAssignment\"
		DefaultWebSiteLanguage = "Visual C#"
	EndProjectSection
EndProject
Global
	GlobalSection(SolutionConfigurationPlatforms) = preSolution
		Debug|Any CPU = Debug|Any CPU
	EndGlobalSection
	GlobalSection(ProjectConfigurationPlatforms) = postSolution
		{5BB6B853-0522-4C11-8908-34D564C6DDE6}.Debug|Any CPU.ActiveCfg = Debug|Any CPU
		{5BB6B853-0522-4C11-8908-34D564C6DDE6}.Debug|Any CPU.Build.0 = Debug|Any CPU
	EndGlobalSection
	GlobalSection(SolutionProperties) = preSolution
		HideSolutionNode = FALSE
	EndGlobalSection
	GlobalSection(ExtensibilityGlobals) = postSolution
		SolutionGuid = {6DA175B1-968E-47D3-A884-2C9B50FCEBB2}
	EndGlobalSection
EndGlobal
